
Microsoft Visual Studio Solution File, Format Version 12.00
# Visual Studio Version 17
VisualStudioVersion = 17.13.35913.81 d17.13
MinimumVisualStudioVersion = 10.0.40219.1
Project("{FAE04EC0-301F-11D3-BF4B-00C04F79EFBC}") = "Portfolio", "Portfolio\Portfolio.csproj", "{B8B623AC-299D-4244-865C-FEC01D9C3A46}"
EndProject
Global
	GlobalSection(SolutionConfigurationPlatforms) = preSolution
		Debug|Any CPU = Debug|Any CPU
		Release|Any CPU = Release|Any CPU
	EndGlobalSection
	GlobalSection(ProjectConfigurationPlatforms) = postSolution
		{B8B623AC-299D-4244-865C-FEC01D9C3A46}.Debug|Any CPU.ActiveCfg = Debug|Any CPU
		{B8B623AC-299D-4244-865C-FEC01D9C3A46}.Debug|Any CPU.Build.0 = Debug|Any CPU
		{B8B623AC-299D-4244-865C-FEC01D9C3A46}.Release|Any CPU.ActiveCfg = Release|Any CPU
		{B8B623AC-299D-4244-865C-FEC01D9C3A46}.Release|Any CPU.Build.0 = Release|Any CPU
	EndGlobalSection
	GlobalSection(SolutionProperties) = preSolution
		HideSolutionNode = FALSE
	EndGlobalSection
	GlobalSection(ExtensibilityGlobals) = postSolution
		SolutionGuid = {18219AE9-9F6D-4E0F-879B-11FEEAEE1130}
	EndGlobalSection
EndGlobal
